
Microsoft Visual Studio Solution File, Format Version 12.00
# Visual Studio Version 17
VisualStudioVersion = 17.14.36212.18 d17.14
MinimumVisualStudioVersion = 10.0.40219.1
Project("{FAE04EC0-301F-11D3-BF4B-00C04F79EFBC}") = "Algorithms Level 6", "Algorithms Level 6.csproj", "{B936C811-FF42-4986-AC2E-5E7B9E476F46}"
EndProject
Global
	GlobalSection(SolutionConfigurationPlatforms) = preSolution
		Debug|Any CPU = Debug|Any CPU
		Release|Any CPU = Release|Any CPU
	EndGlobalSection
	GlobalSection(ProjectConfigurationPlatforms) = postSolution
		{B936C811-FF42-4986-AC2E-5E7B9E476F46}.Debug|Any CPU.ActiveCfg = Debug|Any CPU
		{B936C811-FF42-4986-AC2E-5E7B9E476F46}.Debug|Any CPU.Build.0 = Debug|Any CPU
		{B936C811-FF42-4986-AC2E-5E7B9E476F46}.Release|Any CPU.ActiveCfg = Release|Any CPU
		{B936C811-FF42-4986-AC2E-5E7B9E476F46}.Release|Any CPU.Build.0 = Release|Any CPU
	EndGlobalSection
	GlobalSection(SolutionProperties) = preSolution
		HideSolutionNode = FALSE
	EndGlobalSection
	GlobalSection(ExtensibilityGlobals) = postSolution
		SolutionGuid = {7B924E81-03BE-47CC-8C38-7809441EABA9}
	EndGlobalSection
EndGlobal
